
Microsoft Visual Studio Solution File, Format Version 12.00
# Visual Studio Version 17
VisualStudioVersion = 17.5.33530.505
MinimumVisualStudioVersion = 10.0.40219.1
Project("{FAE04EC0-301F-11D3-BF4B-00C04F79EFBC}") = "inzblogger.webui", "inzblogger.webui\inzblogger.webui.csproj", "{37B7092A-BF40-4506-A2B9-6920F964733C}"
EndProject
Project("{FAE04EC0-301F-11D3-BF4B-00C04F79EFBC}") = "blogger.Models", "blogger.Models\blogger.Models.csproj", "{B559CAE7-AA48-4F92-8D30-70AB169A0272}"
EndProject
Project("{FAE04EC0-301F-11D3-BF4B-00C04F79EFBC}") = "blogger.Data", "blogger.Data\blogger.Data.csproj", "{36C266B2-06ED-4F9D-B540-D79F05975DC8}"
EndProject
Project("{FAE04EC0-301F-11D3-BF4B-00C04F79EFBC}") = "blogger.Helper", "blogger.Helper\blogger.Helper.csproj", "{66918D8D-C900-46DB-91A9-F5E78D4C65C3}"
EndProject
Project("{FAE04EC0-301F-11D3-BF4B-00C04F79EFBC}") = "blogger.Repository", "blogger.Repository\blogger.Repository.csproj", "{792C5B4B-9BC4-4845-9A1D-1CBB052AB756}"
EndProject
Global
	GlobalSection(SolutionConfigurationPlatforms) = preSolution
		Debug|Any CPU = Debug|Any CPU
		Release|Any CPU = Release|Any CPU
	EndGlobalSection
	GlobalSection(ProjectConfigurationPlatforms) = postSolution
		{37B7092A-BF40-4506-A2B9-6920F964733C}.Debug|Any CPU.ActiveCfg = Debug|Any CPU
		{37B7092A-BF40-4506-A2B9-6920F964733C}.Debug|Any CPU.Build.0 = Debug|Any CPU
		{37B7092A-BF40-4506-A2B9-6920F964733C}.Release|Any CPU.ActiveCfg = Release|Any CPU
		{37B7092A-BF40-4506-A2B9-6920F964733C}.Release|Any CPU.Build.0 = Release|Any CPU
		{B559CAE7-AA48-4F92-8D30-70AB169A0272}.Debug|Any CPU.ActiveCfg = Debug|Any CPU
		{B559CAE7-AA48-4F92-8D30-70AB169A0272}.Debug|Any CPU.Build.0 = Debug|Any CPU
		{B559CAE7-AA48-4F92-8D30-70AB169A0272}.Release|Any CPU.ActiveCfg = Release|Any CPU
		{B559CAE7-AA48-4F92-8D30-70AB169A0272}.Release|Any CPU.Build.0 = Release|Any CPU
		{36C266B2-06ED-4F9D-B540-D79F05975DC8}.Debug|Any CPU.ActiveCfg = Debug|Any CPU
		{36C266B2-06ED-4F9D-B540-D79F05975DC8}.Debug|Any CPU.Build.0 = Debug|Any CPU
		{36C266B2-06ED-4F9D-B540-D79F05975DC8}.Release|Any CPU.ActiveCfg = Release|Any CPU
		{36C266B2-06ED-4F9D-B540-D79F05975DC8}.Release|Any CPU.Build.0 = Release|Any CPU
		{66918D8D-C900-46DB-91A9-F5E78D4C65C3}.Debug|Any CPU.ActiveCfg = Debug|Any CPU
		{66918D8D-C900-46DB-91A9-F5E78D4C65C3}.Debug|Any CPU.Build.0 = Debug|Any CPU
		{66918D8D-C900-46DB-91A9-F5E78D4C65C3}.Release|Any CPU.ActiveCfg = Release|Any CPU
		{66918D8D-C900-46DB-91A9-F5E78D4C65C3}.Release|Any CPU.Build.0 = Release|Any CPU
		{792C5B4B-9BC4-4845-9A1D-1CBB052AB756}.Debug|Any CPU.ActiveCfg = Debug|Any CPU
		{792C5B4B-9BC4-4845-9A1D-1CBB052AB756}.Debug|Any CPU.Build.0 = Debug|Any CPU
		{792C5B4B-9BC4-4845-9A1D-1CBB052AB756}.Release|Any CPU.ActiveCfg = Release|Any CPU
		{792C5B4B-9BC4-4845-9A1D-1CBB052AB756}.Release|Any CPU.Build.0 = Release|Any CPU
	EndGlobalSection
	GlobalSection(SolutionProperties) = preSolution
		HideSolutionNode = FALSE
	EndGlobalSection
	GlobalSection(ExtensibilityGlobals) = postSolution
		SolutionGuid = {FEDE9FEB-65C1-4856-A5F2-E06F8647FFA3}
	EndGlobalSection
EndGlobal
